
Microsoft Visual Studio Solution File, Format Version 12.00
# Visual Studio Version 16
VisualStudioVersion = 16.0.30503.244
MinimumVisualStudioVersion = 10.0.40219.1
Project("{FAE04EC0-301F-11D3-BF4B-00C04F79EFBC}") = "ReportRegister", "ReportRegister.csproj", "{9C2AB4D0-8A05-404C-9E10-87023548022A}"
EndProject
Global
	GlobalSection(SolutionConfigurationPlatforms) = preSolution
		Debug|Any CPU = Debug|Any CPU
		Release|Any CPU = Release|Any CPU
	EndGlobalSection
	GlobalSection(ProjectConfigurationPlatforms) = postSolution
		{9C2AB4D0-8A05-404C-9E10-87023548022A}.Debug|Any CPU.ActiveCfg = Debug|Any CPU
		{9C2AB4D0-8A05-404C-9E10-87023548022A}.Debug|Any CPU.Build.0 = Debug|Any CPU
		{9C2AB4D0-8A05-404C-9E10-87023548022A}.Release|Any CPU.ActiveCfg = Release|Any CPU
		{9C2AB4D0-8A05-404C-9E10-87023548022A}.Release|Any CPU.Build.0 = Release|Any CPU
	EndGlobalSection
	GlobalSection(SolutionProperties) = preSolution
		HideSolutionNode = FALSE
	EndGlobalSection
	GlobalSection(ExtensibilityGlobals) = postSolution
		SolutionGuid = {82A55384-F037-43C1-8C81-85442D5C19A6}
	EndGlobalSection
EndGlobal
